
Microsoft Visual Studio Solution File, Format Version 12.00
# Visual Studio 15
VisualStudioVersion = 15.0.27703.2000
MinimumVisualStudioVersion = 10.0.40219.1
Project("{FAE04EC0-301F-11D3-BF4B-00C04F79EFBC}") = "QnaMakerKnowledgeBase", "QnaMakerKnowledgeBase\QnaMakerKnowledgeBase.csproj", "{A5D64A0A-D891-442F-B35D-522C995A3C48}"
EndProject
Global
	GlobalSection(SolutionConfigurationPlatforms) = preSolution
		Debug|Any CPU = Debug|Any CPU
		Release|Any CPU = Release|Any CPU
	EndGlobalSection
	GlobalSection(ProjectConfigurationPlatforms) = postSolution
		{A5D64A0A-D891-442F-B35D-522C995A3C48}.Debug|Any CPU.ActiveCfg = Debug|Any CPU
		{A5D64A0A-D891-442F-B35D-522C995A3C48}.Debug|Any CPU.Build.0 = Debug|Any CPU
		{A5D64A0A-D891-442F-B35D-522C995A3C48}.Release|Any CPU.ActiveCfg = Release|Any CPU
		{A5D64A0A-D891-442F-B35D-522C995A3C48}.Release|Any CPU.Build.0 = Release|Any CPU
	EndGlobalSection
	GlobalSection(SolutionProperties) = preSolution
		HideSolutionNode = FALSE
	EndGlobalSection
	GlobalSection(ExtensibilityGlobals) = postSolution
		SolutionGuid = {EE3D60FB-FBE9-40AF-A7BF-53BC28468FEE}
	EndGlobalSection
EndGlobal
